
Microsoft Visual Studio Solution File, Format Version 12.00
# Visual Studio 15
VisualStudioVersion = 15.0.26228.9
MinimumVisualStudioVersion = 10.0.40219.1
Project("{FAE04EC0-301F-11D3-BF4B-00C04F79EFBC}") = "WebSafeColorChecker", "WebSafeColorChecker\WebSafeColorChecker.csproj", "{1794A985-4153-49C3-96A2-E8D4AEA37034}"
EndProject
Global
	GlobalSection(SolutionConfigurationPlatforms) = preSolution
		Debug|Any CPU = Debug|Any CPU
		Release|Any CPU = Release|Any CPU
	EndGlobalSection
	GlobalSection(ProjectConfigurationPlatforms) = postSolution
		{1794A985-4153-49C3-96A2-E8D4AEA37034}.Debug|Any CPU.ActiveCfg = Debug|Any CPU
		{1794A985-4153-49C3-96A2-E8D4AEA37034}.Debug|Any CPU.Build.0 = Debug|Any CPU
		{1794A985-4153-49C3-96A2-E8D4AEA37034}.Release|Any CPU.ActiveCfg = Release|Any CPU
		{1794A985-4153-49C3-96A2-E8D4AEA37034}.Release|Any CPU.Build.0 = Release|Any CPU
	EndGlobalSection
	GlobalSection(SolutionProperties) = preSolution
		HideSolutionNode = FALSE
	EndGlobalSection
EndGlobal
